{
  "name": "auth-ui-fake",
  "version": "1.0.0",
  "lockfileVersion": 2,
  "requires": true,
  "packages": {
    "": {
      "name": "auth-ui-fake",
      "version": "1.0.0",
      "license": "ISC",
      "workspaces": [
        "packages/*"
      ],
      "devDependencies": {
        "prettier": "^2.6.2"
      }
    },
    "node_modules/fake-pkg-1": {
      "resolved": "packages/fake-pkg-1",
      "link": true
    },
    "node_modules/fake-pkg-2": {
      "resolved": "packages/fake-pkg-2",
      "link": true
    },
    "node_modules/prettier": {
      "version": "2.6.2",
      "resolved": "https://registry.npmjs.org/prettier/-/prettier-2.6.2.tgz",
      "integrity": "sha512-PkUpF+qoXTqhOeWL9fu7As8LXsIUZ1WYaJiY/a7McAQzxjk82OF0tibkFXVCDImZtWxbvojFjerkiLb0/q8mew==",
      "dev": true,
      "bin": {
        "prettier": "bin-prettier.js"
      },
      "engines": {
        "node": ">=10.13.0"
      },
      "funding": {
        "url": "https://github.com/prettier/prettier?sponsor=1"
      }
    },
    "packages/fake-pkg-1": {
      "version": "1.0.0",
      "license": "ISC",
      "devDependencies": {
        "prettier": "^2.6.2"
      }
    },
    "packages/fake-pkg-2": {
      "version": "1.0.0",
      "license": "ISC"
    }
  },
  "dependencies": {
    "fake-pkg-1": {
      "version": "file:packages/fake-pkg-1",
      "requires": {
        "prettier": "^2.6.2"
      }
    },
    "fake-pkg-2": {
      "version": "file:packages/fake-pkg-2"
    },
    "prettier": {
      "version": "2.6.2",
      "resolved": "https://registry.npmjs.org/prettier/-/prettier-2.6.2.tgz",
      "integrity": "sha512-PkUpF+qoXTqhOeWL9fu7As8LXsIUZ1WYaJiY/a7McAQzxjk82OF0tibkFXVCDImZtWxbvojFjerkiLb0/q8mew==",
      "dev": true
    }
  }
}
