{
  "name": "auth-ui-fake",
  "version": "1.0.0",
  "lockfileVersion": 2,
  "requires": true,
  "packages": {
    "": {
      "name": "auth-ui-fake",
      "version": "1.0.0",
      "license": "ISC",
      "workspaces": [
        "packages/*"
      ]
    },
    "node_modules/fake-pkg-1": {
      "resolved": "packages/fake-pkg-1",
      "link": true
    },
    "node_modules/fake-pkg-2": {
      "resolved": "packages/fake-pkg-2",
      "link": true
    },
    "packages/fake-pkg-1": {
      "version": "1.0.0",
      "license": "ISC"
    },
    "packages/fake-pkg-2": {
      "version": "1.0.0",
      "license": "ISC"
    }
  },
  "dependencies": {
    "fake-pkg-1": {
      "version": "file:packages/fake-pkg-1"
    },
    "fake-pkg-2": {
      "version": "file:packages/fake-pkg-2"
    }
  }
}
